
Microsoft Visual Studio Solution File, Format Version 12.00
# Visual Studio Version 17
VisualStudioVersion = 17.0.31903.59
MinimumVisualStudioVersion = 10.0.40219.1
Project("{FAE04EC0-301F-11D3-BF4B-00C04F79EFBC}") = "GM.ShopFlow.Order.API", "Services\Order\src\GM.ShopFlow.Order.API\GM.ShopFlow.Order.API.csproj", "{0456CE59-29ED-4A24-AE45-FA7CBDC214B4}"
EndProject
Project("{FAE04EC0-301F-11D3-BF4B-00C04F79EFBC}") = "GM.ShopFlow.Identity", "Identity\GM.ShopFlow.Identity\GM.ShopFlow.Identity.csproj", "{92F23B66-1CF3-4A0C-8F35-537118603886}"
EndProject
Project("{2150E333-8FDC-42A3-9474-1A3956D46DE8}") = "services", "services", "{432AA113-556A-4791-9826-AE52213FC80B}"
EndProject
Project("{2150E333-8FDC-42A3-9474-1A3956D46DE8}") = "Product", "Product", "{39AEA073-E964-4BE2-BC1E-89EB0876AA04}"
EndProject
Project("{2150E333-8FDC-42A3-9474-1A3956D46DE8}") = "Order", "Order", "{FBA09F50-31D5-427F-8D95-684B6C8EF531}"
EndProject
Project("{2150E333-8FDC-42A3-9474-1A3956D46DE8}") = "src", "src", "{9538ED0D-E039-4039-8866-E7D2A696F1D2}"
EndProject
Project("{2150E333-8FDC-42A3-9474-1A3956D46DE8}") = "src", "src", "{6F7A6589-DFD0-49D9-B122-6330C90DAEEC}"
EndProject
Project("{FAE04EC0-301F-11D3-BF4B-00C04F79EFBC}") = "GM.ShopFlow.Product.Domain", "Services\Product\src\GM.ShopFlow.Product.Domain\GM.ShopFlow.Product.Domain.csproj", "{6C615EAE-0580-4C17-8019-2C8A760D5B28}"
EndProject
Project("{FAE04EC0-301F-11D3-BF4B-00C04F79EFBC}") = "GM.ShopFlow.Product.Infra.Data", "Services\Product\src\GM.ShopFlow.Product.Infra.Data\GM.ShopFlow.Product.Infra.Data.csproj", "{52867E0F-FF32-4E0C-A840-68BAD65345D0}"
EndProject
Project("{FAE04EC0-301F-11D3-BF4B-00C04F79EFBC}") = "GM.ShopFlow.Product.Api", "Services\Product\src\GM.ShopFlow.Product.Api\GM.ShopFlow.Product.Api.csproj", "{1F8EB900-99A9-41B0-80DA-6A4105CEBB97}"
EndProject
Project("{2150E333-8FDC-42A3-9474-1A3956D46DE8}") = "Identity", "Identity", "{3776681E-7C22-4E62-99BC-4012C2BA7AC1}"
EndProject
Project("{FAE04EC0-301F-11D3-BF4B-00C04F79EFBC}") = "GM.ShopFlow.Order.Domain", "Services\Order\src\GM.ShopFlow.Order.Domain\GM.ShopFlow.Order.Domain.csproj", "{51145F63-8351-497A-953C-0A266D73A0EB}"
EndProject
Project("{FAE04EC0-301F-11D3-BF4B-00C04F79EFBC}") = "GM.ShopFlow.Order.Infra.Data", "Services\Order\src\GM.ShopFlow.Order.Infra.Data\GM.ShopFlow.Order.Infra.Data.csproj", "{FF8B584F-C103-47FF-BEC2-CC9DF8F46444}"
EndProject
Project("{FAE04EC0-301F-11D3-BF4B-00C04F79EFBC}") = "GM.ShopFlow.Product.Application", "Services\Product\src\GM.ShopFlow.Product.Application\GM.ShopFlow.Product.Application.csproj", "{2256C6BC-13D7-441E-B23D-A54FE227F23D}"
EndProject
Project("{FAE04EC0-301F-11D3-BF4B-00C04F79EFBC}") = "GM.ShopFlow.Order.Application", "Services\Order\src\GM.ShopFlow.Order.Application\GM.ShopFlow.Order.Application.csproj", "{9342DFB5-369D-41EE-9F2F-797858A9BABE}"
EndProject
Project("{FAE04EC0-301F-11D3-BF4B-00C04F79EFBC}") = "EventBus", "EventBus\EventBus.csproj", "{08803A39-0DE5-4217-AF9B-128DC1F81BDA}"
EndProject
Project("{FAE04EC0-301F-11D3-BF4B-00C04F79EFBC}") = "EventBusRabbitMQ", "EventBusRabbitMQ\EventBusRabbitMQ.csproj", "{1457D869-AC09-4921-AE72-60AC7C9FA3EE}"
EndProject
Project("{FAE04EC0-301F-11D3-BF4B-00C04F79EFBC}") = "GM.ShopFlow.Order.Infra.ExternalServices", "Services\Order\src\GM.ShopFlow.Order.Infra.ExternalServices\GM.ShopFlow.Order.Infra.ExternalServices.csproj", "{2DE340DC-F62F-44F6-8CA8-E229ACBD987E}"
EndProject
Project("{FAE04EC0-301F-11D3-BF4B-00C04F79EFBC}") = "GM.ShopFlow.ApiGateway", "GM.ShopFlow.ApiGateway\GM.ShopFlow.ApiGateway.csproj", "{F03B2AC6-D82B-49A6-BE1C-F6464AA3F25A}"
EndProject
Global
	GlobalSection(SolutionConfigurationPlatforms) = preSolution
		Debug|Any CPU = Debug|Any CPU
		Release|Any CPU = Release|Any CPU
	EndGlobalSection
	GlobalSection(ProjectConfigurationPlatforms) = postSolution
		{0456CE59-29ED-4A24-AE45-FA7CBDC214B4}.Debug|Any CPU.ActiveCfg = Debug|Any CPU
		{0456CE59-29ED-4A24-AE45-FA7CBDC214B4}.Debug|Any CPU.Build.0 = Debug|Any CPU
		{0456CE59-29ED-4A24-AE45-FA7CBDC214B4}.Release|Any CPU.ActiveCfg = Release|Any CPU
		{0456CE59-29ED-4A24-AE45-FA7CBDC214B4}.Release|Any CPU.Build.0 = Release|Any CPU
		{92F23B66-1CF3-4A0C-8F35-537118603886}.Debug|Any CPU.ActiveCfg = Debug|Any CPU
		{92F23B66-1CF3-4A0C-8F35-537118603886}.Debug|Any CPU.Build.0 = Debug|Any CPU
		{92F23B66-1CF3-4A0C-8F35-537118603886}.Release|Any CPU.ActiveCfg = Release|Any CPU
		{92F23B66-1CF3-4A0C-8F35-537118603886}.Release|Any CPU.Build.0 = Release|Any CPU
		{6C615EAE-0580-4C17-8019-2C8A760D5B28}.Debug|Any CPU.ActiveCfg = Debug|Any CPU
		{6C615EAE-0580-4C17-8019-2C8A760D5B28}.Debug|Any CPU.Build.0 = Debug|Any CPU
		{6C615EAE-0580-4C17-8019-2C8A760D5B28}.Release|Any CPU.ActiveCfg = Release|Any CPU
		{6C615EAE-0580-4C17-8019-2C8A760D5B28}.Release|Any CPU.Build.0 = Release|Any CPU
		{52867E0F-FF32-4E0C-A840-68BAD65345D0}.Debug|Any CPU.ActiveCfg = Debug|Any CPU
		{52867E0F-FF32-4E0C-A840-68BAD65345D0}.Debug|Any CPU.Build.0 = Debug|Any CPU
		{52867E0F-FF32-4E0C-A840-68BAD65345D0}.Release|Any CPU.ActiveCfg = Release|Any CPU
		{52867E0F-FF32-4E0C-A840-68BAD65345D0}.Release|Any CPU.Build.0 = Release|Any CPU
		{1F8EB900-99A9-41B0-80DA-6A4105CEBB97}.Debug|Any CPU.ActiveCfg = Debug|Any CPU
		{1F8EB900-99A9-41B0-80DA-6A4105CEBB97}.Debug|Any CPU.Build.0 = Debug|Any CPU
		{1F8EB900-99A9-41B0-80DA-6A4105CEBB97}.Release|Any CPU.ActiveCfg = Release|Any CPU
		{1F8EB900-99A9-41B0-80DA-6A4105CEBB97}.Release|Any CPU.Build.0 = Release|Any CPU
		{51145F63-8351-497A-953C-0A266D73A0EB}.Debug|Any CPU.ActiveCfg = Debug|Any CPU
		{51145F63-8351-497A-953C-0A266D73A0EB}.Debug|Any CPU.Build.0 = Debug|Any CPU
		{51145F63-8351-497A-953C-0A266D73A0EB}.Release|Any CPU.ActiveCfg = Release|Any CPU
		{51145F63-8351-497A-953C-0A266D73A0EB}.Release|Any CPU.Build.0 = Release|Any CPU
		{FF8B584F-C103-47FF-BEC2-CC9DF8F46444}.Debug|Any CPU.ActiveCfg = Debug|Any CPU
		{FF8B584F-C103-47FF-BEC2-CC9DF8F46444}.Debug|Any CPU.Build.0 = Debug|Any CPU
		{FF8B584F-C103-47FF-BEC2-CC9DF8F46444}.Release|Any CPU.ActiveCfg = Release|Any CPU
		{FF8B584F-C103-47FF-BEC2-CC9DF8F46444}.Release|Any CPU.Build.0 = Release|Any CPU
		{2256C6BC-13D7-441E-B23D-A54FE227F23D}.Debug|Any CPU.ActiveCfg = Debug|Any CPU
		{2256C6BC-13D7-441E-B23D-A54FE227F23D}.Debug|Any CPU.Build.0 = Debug|Any CPU
		{2256C6BC-13D7-441E-B23D-A54FE227F23D}.Release|Any CPU.ActiveCfg = Release|Any CPU
		{2256C6BC-13D7-441E-B23D-A54FE227F23D}.Release|Any CPU.Build.0 = Release|Any CPU
		{9342DFB5-369D-41EE-9F2F-797858A9BABE}.Debug|Any CPU.ActiveCfg = Debug|Any CPU
		{9342DFB5-369D-41EE-9F2F-797858A9BABE}.Debug|Any CPU.Build.0 = Debug|Any CPU
		{9342DFB5-369D-41EE-9F2F-797858A9BABE}.Release|Any CPU.ActiveCfg = Release|Any CPU
		{9342DFB5-369D-41EE-9F2F-797858A9BABE}.Release|Any CPU.Build.0 = Release|Any CPU
		{08803A39-0DE5-4217-AF9B-128DC1F81BDA}.Debug|Any CPU.ActiveCfg = Debug|Any CPU
		{08803A39-0DE5-4217-AF9B-128DC1F81BDA}.Debug|Any CPU.Build.0 = Debug|Any CPU
		{08803A39-0DE5-4217-AF9B-128DC1F81BDA}.Release|Any CPU.ActiveCfg = Release|Any CPU
		{08803A39-0DE5-4217-AF9B-128DC1F81BDA}.Release|Any CPU.Build.0 = Release|Any CPU
		{1457D869-AC09-4921-AE72-60AC7C9FA3EE}.Debug|Any CPU.ActiveCfg = Debug|Any CPU
		{1457D869-AC09-4921-AE72-60AC7C9FA3EE}.Debug|Any CPU.Build.0 = Debug|Any CPU
		{1457D869-AC09-4921-AE72-60AC7C9FA3EE}.Release|Any CPU.ActiveCfg = Release|Any CPU
		{1457D869-AC09-4921-AE72-60AC7C9FA3EE}.Release|Any CPU.Build.0 = Release|Any CPU
		{2DE340DC-F62F-44F6-8CA8-E229ACBD987E}.Debug|Any CPU.ActiveCfg = Debug|Any CPU
		{2DE340DC-F62F-44F6-8CA8-E229ACBD987E}.Debug|Any CPU.Build.0 = Debug|Any CPU
		{2DE340DC-F62F-44F6-8CA8-E229ACBD987E}.Release|Any CPU.ActiveCfg = Release|Any CPU
		{2DE340DC-F62F-44F6-8CA8-E229ACBD987E}.Release|Any CPU.Build.0 = Release|Any CPU
		{F03B2AC6-D82B-49A6-BE1C-F6464AA3F25A}.Debug|Any CPU.ActiveCfg = Debug|Any CPU
		{F03B2AC6-D82B-49A6-BE1C-F6464AA3F25A}.Debug|Any CPU.Build.0 = Debug|Any CPU
		{F03B2AC6-D82B-49A6-BE1C-F6464AA3F25A}.Release|Any CPU.ActiveCfg = Release|Any CPU
		{F03B2AC6-D82B-49A6-BE1C-F6464AA3F25A}.Release|Any CPU.Build.0 = Release|Any CPU
	EndGlobalSection
	GlobalSection(SolutionProperties) = preSolution
		HideSolutionNode = FALSE
	EndGlobalSection
	GlobalSection(NestedProjects) = preSolution
		{0456CE59-29ED-4A24-AE45-FA7CBDC214B4} = {9538ED0D-E039-4039-8866-E7D2A696F1D2}
		{92F23B66-1CF3-4A0C-8F35-537118603886} = {3776681E-7C22-4E62-99BC-4012C2BA7AC1}
		{39AEA073-E964-4BE2-BC1E-89EB0876AA04} = {432AA113-556A-4791-9826-AE52213FC80B}
		{FBA09F50-31D5-427F-8D95-684B6C8EF531} = {432AA113-556A-4791-9826-AE52213FC80B}
		{9538ED0D-E039-4039-8866-E7D2A696F1D2} = {FBA09F50-31D5-427F-8D95-684B6C8EF531}
		{6F7A6589-DFD0-49D9-B122-6330C90DAEEC} = {39AEA073-E964-4BE2-BC1E-89EB0876AA04}
		{6C615EAE-0580-4C17-8019-2C8A760D5B28} = {6F7A6589-DFD0-49D9-B122-6330C90DAEEC}
		{52867E0F-FF32-4E0C-A840-68BAD65345D0} = {6F7A6589-DFD0-49D9-B122-6330C90DAEEC}
		{1F8EB900-99A9-41B0-80DA-6A4105CEBB97} = {6F7A6589-DFD0-49D9-B122-6330C90DAEEC}
		{51145F63-8351-497A-953C-0A266D73A0EB} = {9538ED0D-E039-4039-8866-E7D2A696F1D2}
		{FF8B584F-C103-47FF-BEC2-CC9DF8F46444} = {9538ED0D-E039-4039-8866-E7D2A696F1D2}
		{2256C6BC-13D7-441E-B23D-A54FE227F23D} = {6F7A6589-DFD0-49D9-B122-6330C90DAEEC}
		{9342DFB5-369D-41EE-9F2F-797858A9BABE} = {9538ED0D-E039-4039-8866-E7D2A696F1D2}
		{2DE340DC-F62F-44F6-8CA8-E229ACBD987E} = {9538ED0D-E039-4039-8866-E7D2A696F1D2}
	EndGlobalSection
EndGlobal
